// !$*UTF8*$!
{
	archiveVersion = 1;
	classes = {
	};
	objectVersion = 55;
	objects = {

/* Begin PBXBuildFile section */
		EE2B8EE72826B88A007AD0C9 /* AppPerpusApp.swift in Sources */ = {isa = PBXBuildFile; fileRef = EE2B8EE62826B88A007AD0C9 /* AppPerpusApp.swift */; };
		EE2B8EE92826B88A007AD0C9 /* ContentView.swift in Sources */ = {isa = PBXBuildFile; fileRef = EE2B8EE82826B88A007AD0C9 /* ContentView.swift */; };
		EE2B8EEB2826B88B007AD0C9 /* Assets.xcassets in Resources */ = {isa = PBXBuildFile; fileRef = EE2B8EEA2826B88B007AD0C9 /* Assets.xcassets */; };
		EE2B8EEE2826B88B007AD0C9 /* Preview Assets.xcassets in Resources */ = {isa = PBXBuildFile; fileRef = EE2B8EED2826B88B007AD0C9 /* Preview Assets.xcassets */; };
		EE2B8EF52826B8FC007AD0C9 /* WalkthroughView.swift in Sources */ = {isa = PBXBuildFile; fileRef = EE2B8EF42826B8FC007AD0C9 /* WalkthroughView.swift */; };
		EE2B8EF72826B968007AD0C9 /* PageTabView.swift in Sources */ = {isa = PBXBuildFile; fileRef = EE2B8EF62826B968007AD0C9 /* PageTabView.swift */; };
		EE2B8EF92826B97B007AD0C9 /* TabDetailsView.swift in Sources */ = {isa = PBXBuildFile; fileRef = EE2B8EF82826B97B007AD0C9 /* TabDetailsView.swift */; };
		EE2B8EFB2826B98C007AD0C9 /* ButtonsView.swift in Sources */ = {isa = PBXBuildFile; fileRef = EE2B8EFA2826B98C007AD0C9 /* ButtonsView.swift */; };
		EE2B8EFD2826B99D007AD0C9 /* GradientView.swift in Sources */ = {isa = PBXBuildFile; fileRef = EE2B8EFC2826B99D007AD0C9 /* GradientView.swift */; };
		EE2B8EFF2826BBCA007AD0C9 /* Data.swift in Sources */ = {isa = PBXBuildFile; fileRef = EE2B8EFE2826BBCA007AD0C9 /* Data.swift */; };
		EE2B8F022826C374007AD0C9 /* RentDataView.swift in Sources */ = {isa = PBXBuildFile; fileRef = EE2B8F012826C374007AD0C9 /* RentDataView.swift */; };
		EE2B8F082826C7CF007AD0C9 /* KatalogView.swift in Sources */ = {isa = PBXBuildFile; fileRef = EE2B8F072826C7CF007AD0C9 /* KatalogView.swift */; };
		EE2B8F0A2826CAA2007AD0C9 /* InputDataView.swift in Sources */ = {isa = PBXBuildFile; fileRef = EE2B8F092826CAA2007AD0C9 /* InputDataView.swift */; };
		EE2B8F0C2826CE4C007AD0C9 /* MenuView.swift in Sources */ = {isa = PBXBuildFile; fileRef = EE2B8F0B2826CE4C007AD0C9 /* MenuView.swift */; };
/* End PBXBuildFile section */

/* Begin PBXFileReference section */
		EE2B8EE32826B88A007AD0C9 /* AppPerpus.app */ = {isa = PBXFileReference; explicitFileType = wrapper.application; includeInIndex = 0; path = AppPerpus.app; sourceTree = BUILT_PRODUCTS_DIR; };
		EE2B8EE62826B88A007AD0C9 /* AppPerpusApp.swift */ = {isa = PBXFileReference; lastKnownFileType = sourcecode.swift; path = AppPerpusApp.swift; sourceTree = "<group>"; };
		EE2B8EE82826B88A007AD0C9 /* ContentView.swift */ = {isa = PBXFileReference; lastKnownFileType = sourcecode.swift; path = ContentView.swift; sourceTree = "<group>"; };
		EE2B8EEA2826B88B007AD0C9 /* Assets.xcassets */ = {isa = PBXFileReference; lastKnownFileType = folder.assetcatalog; path = Assets.xcassets; sourceTree = "<group>"; };
		EE2B8EED2826B88B007AD0C9 /* Preview Assets.xcassets */ = {isa = PBXFileReference; lastKnownFileType = folder.assetcatalog; path = "Preview Assets.xcassets"; sourceTree = "<group>"; };
		EE2B8EF42826B8FC007AD0C9 /* WalkthroughView.swift */ = {isa = PBXFileReference; lastKnownFileType = sourcecode.swift; path = WalkthroughView.swift; sourceTree = "<group>"; };
		EE2B8EF62826B968007AD0C9 /* PageTabView.swift */ = {isa = PBXFileReference; lastKnownFileType = sourcecode.swift; path = PageTabView.swift; sourceTree = "<group>"; };
		EE2B8EF82826B97B007AD0C9 /* TabDetailsView.swift */ = {isa = PBXFileReference; lastKnownFileType = sourcecode.swift; path = TabDetailsView.swift; sourceTree = "<group>"; };
		EE2B8EFA2826B98C007AD0C9 /* ButtonsView.swift */ = {isa = PBXFileReference; lastKnownFileType = sourcecode.swift; path = ButtonsView.swift; sourceTree = "<group>"; };
		EE2B8EFC2826B99D007AD0C9 /* GradientView.swift */ = {isa = PBXFileReference; lastKnownFileType = sourcecode.swift; path = GradientView.swift; sourceTree = "<group>"; };
		EE2B8EFE2826BBCA007AD0C9 /* Data.swift */ = {isa = PBXFileReference; lastKnownFileType = sourcecode.swift; path = Data.swift; sourceTree = "<group>"; };
		EE2B8F012826C374007AD0C9 /* RentDataView.swift */ = {isa = PBXFileReference; lastKnownFileType = sourcecode.swift; path = RentDataView.swift; sourceTree = "<group>"; };
		EE2B8F072826C7CF007AD0C9 /* KatalogView.swift */ = {isa = PBXFileReference; lastKnownFileType = sourcecode.swift; path = KatalogView.swift; sourceTree = "<group>"; };
		EE2B8F092826CAA2007AD0C9 /* InputDataView.swift */ = {isa = PBXFileReference; lastKnownFileType = sourcecode.swift; path = InputDataView.swift; sourceTree = "<group>"; };
		EE2B8F0B2826CE4C007AD0C9 /* MenuView.swift */ = {isa = PBXFileReference; lastKnownFileType = sourcecode.swift; path = MenuView.swift; sourceTree = "<group>"; };
/* End PBXFileReference section */

/* Begin PBXFrameworksBuildPhase section */
		EE2B8EE02826B88A007AD0C9 /* Frameworks */ = {
			isa = PBXFrameworksBuildPhase;
			buildActionMask = 2147483647;
			files = (
			);
			runOnlyForDeploymentPostprocessing = 0;
		};
/* End PBXFrameworksBuildPhase section */

/* Begin PBXGroup section */
		EE2B8EDA2826B88A007AD0C9 = {
			isa = PBXGroup;
			children = (
				EE2B8EE52826B88A007AD0C9 /* AppPerpus */,
				EE2B8EE42826B88A007AD0C9 /* Products */,
			);
			sourceTree = "<group>";
		};
		EE2B8EE42826B88A007AD0C9 /* Products */ = {
			isa = PBXGroup;
			children = (
				EE2B8EE32826B88A007AD0C9 /* AppPerpus.app */,
			);
			name = Products;
			sourceTree = "<group>";
		};
		EE2B8EE52826B88A007AD0C9 /* AppPerpus */ = {
			isa = PBXGroup;
			children = (
				EE2B8F002826C344007AD0C9 /* View */,
				EE2B8EFE2826BBCA007AD0C9 /* Data.swift */,
				EE2B8EEA2826B88B007AD0C9 /* Assets.xcassets */,
				EE2B8EEC2826B88B007AD0C9 /* Preview Content */,
			);
			path = AppPerpus;
			sourceTree = "<group>";
		};
		EE2B8EEC2826B88B007AD0C9 /* Preview Content */ = {
			isa = PBXGroup;
			children = (
				EE2B8EED2826B88B007AD0C9 /* Preview Assets.xcassets */,
			);
			path = "Preview Content";
			sourceTree = "<group>";
		};
		EE2B8F002826C344007AD0C9 /* View */ = {
			isa = PBXGroup;
			children = (
				EE2B8EE62826B88A007AD0C9 /* AppPerpusApp.swift */,
				EE2B8EE82826B88A007AD0C9 /* ContentView.swift */,
				EE2B8EF42826B8FC007AD0C9 /* WalkthroughView.swift */,
				EE2B8EF62826B968007AD0C9 /* PageTabView.swift */,
				EE2B8EF82826B97B007AD0C9 /* TabDetailsView.swift */,
				EE2B8EFA2826B98C007AD0C9 /* ButtonsView.swift */,
				EE2B8EFC2826B99D007AD0C9 /* GradientView.swift */,
				EE2B8F012826C374007AD0C9 /* RentDataView.swift */,
				EE2B8F072826C7CF007AD0C9 /* KatalogView.swift */,
				EE2B8F092826CAA2007AD0C9 /* InputDataView.swift */,
				EE2B8F0B2826CE4C007AD0C9 /* MenuView.swift */,
			);
			path = View;
			sourceTree = "<group>";
		};
/* End PBXGroup section */

/* Begin PBXNativeTarget section */
		EE2B8EE22826B88A007AD0C9 /* AppPerpus */ = {
			isa = PBXNativeTarget;
			buildConfigurationList = EE2B8EF12826B88B007AD0C9 /* Build configuration list for PBXNativeTarget "AppPerpus" */;
			buildPhases = (
				EE2B8EDF2826B88A007AD0C9 /* Sources */,
				EE2B8EE02826B88A007AD0C9 /* Frameworks */,
				EE2B8EE12826B88A007AD0C9 /* Resources */,
			);
			buildRules = (
			);
			dependencies = (
			);
			name = AppPerpus;
			productName = AppPerpus;
			productReference = EE2B8EE32826B88A007AD0C9 /* AppPerpus.app */;
			productType = "com.apple.product-type.application";
		};
/* End PBXNativeTarget section */

/* Begin PBXProject section */
		EE2B8EDB2826B88A007AD0C9 /* Project object */ = {
			isa = PBXProject;
			attributes = {
				BuildIndependentTargetsInParallel = 1;
				LastSwiftUpdateCheck = 1320;
				LastUpgradeCheck = 1320;
				TargetAttributes = {
					EE2B8EE22826B88A007AD0C9 = {
						CreatedOnToolsVersion = 13.2.1;
					};
				};
			};
			buildConfigurationList = EE2B8EDE2826B88A007AD0C9 /* Build configuration list for PBXProject "AppPerpus" */;
			compatibilityVersion = "Xcode 13.0";
			developmentRegion = en;
			hasScannedForEncodings = 0;
			knownRegions = (
				en,
				Base,
			);
			mainGroup = EE2B8EDA2826B88A007AD0C9;
			productRefGroup = EE2B8EE42826B88A007AD0C9 /* Products */;
			projectDirPath = "";
			projectRoot = "";
			targets = (
				EE2B8EE22826B88A007AD0C9 /* AppPerpus */,
			);
		};
/* End PBXProject section */

/* Begin PBXResourcesBuildPhase section */
		EE2B8EE12826B88A007AD0C9 /* Resources */ = {
			isa = PBXResourcesBuildPhase;
			buildActionMask = 2147483647;
			files = (
				EE2B8EEE2826B88B007AD0C9 /* Preview Assets.xcassets in Resources */,
				EE2B8EEB2826B88B007AD0C9 /* Assets.xcassets in Resources */,
			);
			runOnlyForDeploymentPostprocessing = 0;
		};
/* End PBXResourcesBuildPhase section */

/* Begin PBXSourcesBuildPhase section */
		EE2B8EDF2826B88A007AD0C9 /* Sources */ = {
			isa = PBXSourcesBuildPhase;
			buildActionMask = 2147483647;
			files = (
				EE2B8EFB2826B98C007AD0C9 /* ButtonsView.swift in Sources */,
				EE2B8F0C2826CE4C007AD0C9 /* MenuView.swift in Sources */,
				EE2B8EE92826B88A007AD0C9 /* ContentView.swift in Sources */,
				EE2B8F022826C374007AD0C9 /* RentDataView.swift in Sources */,
				EE2B8EE72826B88A007AD0C9 /* AppPerpusApp.swift in Sources */,
				EE2B8F082826C7CF007AD0C9 /* KatalogView.swift in Sources */,
				EE2B8EF92826B97B007AD0C9 /* TabDetailsView.swift in Sources */,
				EE2B8EFD2826B99D007AD0C9 /* GradientView.swift in Sources */,
				EE2B8F0A2826CAA2007AD0C9 /* InputDataView.swift in Sources */,
				EE2B8EF52826B8FC007AD0C9 /* WalkthroughView.swift in Sources */,
				EE2B8EF72826B968007AD0C9 /* PageTabView.swift in Sources */,
				EE2B8EFF2826BBCA007AD0C9 /* Data.swift in Sources */,
			);
			runOnlyForDeploymentPostprocessing = 0;
		};
/* End PBXSourcesBuildPhase section */

/* Begin XCBuildConfiguration section */
		EE2B8EEF2826B88B007AD0C9 /* Debug */ = {
			isa = XCBuildConfiguration;
			buildSettings = {
				ALWAYS_SEARCH_USER_PATHS = NO;
				CLANG_ANALYZER_NONNULL = YES;
				CLANG_ANALYZER_NUMBER_OBJECT_CONVERSION = YES_AGGRESSIVE;
				CLANG_CXX_LANGUAGE_STANDARD = "gnu++17";
				CLANG_CXX_LIBRARY = "libc++";
				CLANG_ENABLE_MODULES = YES;
				CLANG_ENABLE_OBJC_ARC = YES;
				CLANG_ENABLE_OBJC_WEAK = YES;
				CLANG_WARN_BLOCK_CAPTURE_AUTORELEASING = YES;
				CLANG_WARN_BOOL_CONVERSION = YES;
				CLANG_WARN_COMMA = YES;
				CLANG_WARN_CONSTANT_CONVERSION = YES;
				CLANG_WARN_DEPRECATED_OBJC_IMPLEMENTATIONS = YES;
				CLANG_WARN_DIRECT_OBJC_ISA_USAGE = YES_ERROR;
				CLANG_WARN_DOCUMENTATION_COMMENTS = YES;
				CLANG_WARN_EMPTY_BODY = YES;
				CLANG_WARN_ENUM_CONVERSION = YES;
				CLANG_WARN_INFINITE_RECURSION = YES;
				CLANG_WARN_INT_CONVERSION = YES;
				CLANG_WARN_NON_LITERAL_NULL_CONVERSION = YES;
				CLANG_WARN_OBJC_IMPLICIT_RETAIN_SELF = YES;
				CLANG_WARN_OBJC_LITERAL_CONVERSION = YES;
				CLANG_WARN_OBJC_ROOT_CLASS = YES_ERROR;
				CLANG_WARN_QUOTED_INCLUDE_IN_FRAMEWORK_HEADER = YES;
				CLANG_WARN_RANGE_LOOP_ANALYSIS = YES;
				CLANG_WARN_STRICT_PROTOTYPES = YES;
				CLANG_WARN_SUSPICIOUS_MOVE = YES;
				CLANG_WARN_UNGUARDED_AVAILABILITY = YES_AGGRESSIVE;
				CLANG_WARN_UNREACHABLE_CODE = YES;
				CLANG_WARN__DUPLICATE_METHOD_MATCH = YES;
				COPY_PHASE_STRIP = NO;
				DEBUG_INFORMATION_FORMAT = dwarf;
				ENABLE_STRICT_OBJC_MSGSEND = YES;
				ENABLE_TESTABILITY = YES;
				GCC_C_LANGUAGE_STANDARD = gnu11;
				GCC_DYNAMIC_NO_PIC = NO;
				GCC_NO_COMMON_BLOCKS = YES;
				GCC_OPTIMIZATION_LEVEL = 0;
				GCC_PREPROCESSOR_DEFINITIONS = (
					"DEBUG=1",
					"$(inherited)",
				);
				GCC_WARN_64_TO_32_BIT_CONVERSION = YES;
				GCC_WARN_ABOUT_RETURN_TYPE = YES_ERROR;
				GCC_WARN_UNDECLARED_SELECTOR = YES;
				GCC_WARN_UNINITIALIZED_AUTOS = YES_AGGRESSIVE;
				GCC_WARN_UNUSED_FUNCTION = YES;
				GCC_WARN_UNUSED_VARIABLE = YES;
				IPHONEOS_DEPLOYMENT_TARGET = 15.2;
				MTL_ENABLE_DEBUG_INFO = INCLUDE_SOURCE;
				MTL_FAST_MATH = YES;
				ONLY_ACTIVE_ARCH = YES;
				SDKROOT = iphoneos;
				SWIFT_ACTIVE_COMPILATION_CONDITIONS = DEBUG;
				SWIFT_OPTIMIZATION_LEVEL = "-Onone";
			};
			name = Debug;
		};
		EE2B8EF02826B88B007AD0C9 /* Release */ = {
			isa = XCBuildConfiguration;
			buildSettings = {
				ALWAYS_SEARCH_USER_PATHS = NO;
				CLANG_ANALYZER_NONNULL = YES;
				CLANG_ANALYZER_NUMBER_OBJECT_CONVERSION = YES_AGGRESSIVE;
				CLANG_CXX_LANGUAGE_STANDARD = "gnu++17";
				CLANG_CXX_LIBRARY = "libc++";
				CLANG_ENABLE_MODULES = YES;
				CLANG_ENABLE_OBJC_ARC = YES;
				CLANG_ENABLE_OBJC_WEAK = YES;
				CLANG_WARN_BLOCK_CAPTURE_AUTORELEASING = YES;
				CLANG_WARN_BOOL_CONVERSION = YES;
				CLANG_WARN_COMMA = YES;
				CLANG_WARN_CONSTANT_CONVERSION = YES;
				CLANG_WARN_DEPRECATED_OBJC_IMPLEMENTATIONS = YES;
				CLANG_WARN_DIRECT_OBJC_ISA_USAGE = YES_ERROR;
				CLANG_WARN_DOCUMENTATION_COMMENTS = YES;
				CLANG_WARN_EMPTY_BODY = YES;
				CLANG_WARN_ENUM_CONVERSION = YES;
				CLANG_WARN_INFINITE_RECURSION = YES;
				CLANG_WARN_INT_CONVERSION = YES;
				CLANG_WARN_NON_LITERAL_NULL_CONVERSION = YES;
				CLANG_WARN_OBJC_IMPLICIT_RETAIN_SELF = YES;
				CLANG_WARN_OBJC_LITERAL_CONVERSION = YES;
				CLANG_WARN_OBJC_ROOT_CLASS = YES_ERROR;
				CLANG_WARN_QUOTED_INCLUDE_IN_FRAMEWORK_HEADER = YES;
				CLANG_WARN_RANGE_LOOP_ANALYSIS = YES;
				CLANG_WARN_STRICT_PROTOTYPES = YES;
				CLANG_WARN_SUSPICIOUS_MOVE = YES;
				CLANG_WARN_UNGUARDED_AVAILABILITY = YES_AGGRESSIVE;
				CLANG_WARN_UNREACHABLE_CODE = YES;
				CLANG_WARN__DUPLICATE_METHOD_MATCH = YES;
				COPY_PHASE_STRIP = NO;
				DEBUG_INFORMATION_FORMAT = "dwarf-with-dsym";
				ENABLE_NS_ASSERTIONS = NO;
				ENABLE_STRICT_OBJC_MSGSEND = YES;
				GCC_C_LANGUAGE_STANDARD = gnu11;
				GCC_NO_COMMON_BLOCKS = YES;
				GCC_WARN_64_TO_32_BIT_CONVERSION = YES;
				GCC_WARN_ABOUT_RETURN_TYPE = YES_ERROR;
				GCC_WARN_UNDECLARED_SELECTOR = YES;
				GCC_WARN_UNINITIALIZED_AUTOS = YES_AGGRESSIVE;
				GCC_WARN_UNUSED_FUNCTION = YES;
				GCC_WARN_UNUSED_VARIABLE = YES;
				IPHONEOS_DEPLOYMENT_TARGET = 15.2;
				MTL_ENABLE_DEBUG_INFO = NO;
				MTL_FAST_MATH = YES;
				SDKROOT = iphoneos;
				SWIFT_COMPILATION_MODE = wholemodule;
				SWIFT_OPTIMIZATION_LEVEL = "-O";
				VALIDATE_PRODUCT = YES;
			};
			name = Release;
		};
		EE2B8EF22826B88B007AD0C9 /* Debug */ = {
			isa = XCBuildConfiguration;
			buildSettings = {
				ASSETCATALOG_COMPILER_APPICON_NAME = AppIcon;
				ASSETCATALOG_COMPILER_GLOBAL_ACCENT_COLOR_NAME = AccentColor;
				CODE_SIGN_STYLE = Automatic;
				CURRENT_PROJECT_VERSION = 1;
				DEVELOPMENT_ASSET_PATHS = "\"AppPerpus/Preview Content\"";
				DEVELOPMENT_TEAM = M395RB625J;
				ENABLE_PREVIEWS = YES;
				GENERATE_INFOPLIST_FILE = YES;
				INFOPLIST_KEY_UIApplicationSceneManifest_Generation = YES;
				INFOPLIST_KEY_UIApplicationSupportsIndirectInputEvents = YES;
				INFOPLIST_KEY_UILaunchScreen_Generation = YES;
				INFOPLIST_KEY_UISupportedInterfaceOrientations_iPad = "UIInterfaceOrientationPortrait UIInterfaceOrientationPortraitUpsideDown UIInterfaceOrientationLandscapeLeft UIInterfaceOrientationLandscapeRight";
				INFOPLIST_KEY_UISupportedInterfaceOrientations_iPhone = "UIInterfaceOrientationPortrait UIInterfaceOrientationLandscapeLeft UIInterfaceOrientationLandscapeRight";
				LD_RUNPATH_SEARCH_PATHS = (
					"$(inherited)",
					"@executable_path/Frameworks",
				);
				MARKETING_VERSION = 1.0;
				PRODUCT_BUNDLE_IDENTIFIER = com.Willy.AppPerpus;
				PRODUCT_NAME = "$(TARGET_NAME)";
				SWIFT_EMIT_LOC_STRINGS = YES;
				SWIFT_VERSION = 5.0;
				TARGETED_DEVICE_FAMILY = "1,2";
			};
			name = Debug;
		};
		EE2B8EF32826B88B007AD0C9 /* Release */ = {
			isa = XCBuildConfiguration;
			buildSettings = {
				ASSETCATALOG_COMPILER_APPICON_NAME = AppIcon;
				ASSETCATALOG_COMPILER_GLOBAL_ACCENT_COLOR_NAME = AccentColor;
				CODE_SIGN_STYLE = Automatic;
				CURRENT_PROJECT_VERSION = 1;
				DEVELOPMENT_ASSET_PATHS = "\"AppPerpus/Preview Content\"";
				DEVELOPMENT_TEAM = M395RB625J;
				ENABLE_PREVIEWS = YES;
				GENERATE_INFOPLIST_FILE = YES;
				INFOPLIST_KEY_UIApplicationSceneManifest_Generation = YES;
				INFOPLIST_KEY_UIApplicationSupportsIndirectInputEvents = YES;
				INFOPLIST_KEY_UILaunchScreen_Generation = YES;
				INFOPLIST_KEY_UISupportedInterfaceOrientations_iPad = "UIInterfaceOrientationPortrait UIInterfaceOrientationPortraitUpsideDown UIInterfaceOrientationLandscapeLeft UIInterfaceOrientationLandscapeRight";
				INFOPLIST_KEY_UISupportedInterfaceOrientations_iPhone = "UIInterfaceOrientationPortrait UIInterfaceOrientationLandscapeLeft UIInterfaceOrientationLandscapeRight";
				LD_RUNPATH_SEARCH_PATHS = (
					"$(inherited)",
					"@executable_path/Frameworks",
				);
				MARKETING_VERSION = 1.0;
				PRODUCT_BUNDLE_IDENTIFIER = com.Willy.AppPerpus;
				PRODUCT_NAME = "$(TARGET_NAME)";
				SWIFT_EMIT_LOC_STRINGS = YES;
				SWIFT_VERSION = 5.0;
				TARGETED_DEVICE_FAMILY = "1,2";
			};
			name = Release;
		};
/* End XCBuildConfiguration section */

/* Begin XCConfigurationList section */
		EE2B8EDE2826B88A007AD0C9 /* Build configuration list for PBXProject "AppPerpus" */ = {
			isa = XCConfigurationList;
			buildConfigurations = (
				EE2B8EEF2826B88B007AD0C9 /* Debug */,
				EE2B8EF02826B88B007AD0C9 /* Release */,
			);
			defaultConfigurationIsVisible = 0;
			defaultConfigurationName = Release;
		};
		EE2B8EF12826B88B007AD0C9 /* Build configuration list for PBXNativeTarget "AppPerpus" */ = {
			isa = XCConfigurationList;
			buildConfigurations = (
				EE2B8EF22826B88B007AD0C9 /* Debug */,
				EE2B8EF32826B88B007AD0C9 /* Release */,
			);
			defaultConfigurationIsVisible = 0;
			defaultConfigurationName = Release;
		};
/* End XCConfigurationList section */
	};
	rootObject = EE2B8EDB2826B88A007AD0C9 /* Project object */;
}
